{
    "name": "typechain",
    "version": "1.0.0",
    "lockfileVersion": 1,
    "requires": true,
    "dependencies": {
        "typescript-tools": {
            "version": "0.3.1",
            "resolved": "https://registry.npmjs.org/typescript-tools/-/typescript-tools-0.3.1.tgz",
            "integrity": "sha1-MlhSu+lFwwIQpjbOdjMHcHpTxEk=",
            "dev": true
        }
    }
}
